// !$*UTF8*$!
{
	archiveVersion = 1;
	classes = {
	};
	objectVersion = 50;
	objects = {

/* Begin PBXBuildFile section */
		6C45488184F47F358F66F49F /* libPods-JenkinsTestDemo.a in Frameworks */ = {isa = PBXBuildFile; fileRef = 8A30DD5C9CCC12E1F8A23226 /* libPods-JenkinsTestDemo.a */; };
		7AC913942AB8458889A9FED4 /* libPods-JenkinsTestDemoTests.a in Frameworks */ = {isa = PBXBuildFile; fileRef = 62493CAC3F9D6A10312017FE /* libPods-JenkinsTestDemoTests.a */; };
		FCC29729236ABA78003E2B63 /* AppDelegate.m in Sources */ = {isa = PBXBuildFile; fileRef = FCC29728236ABA78003E2B63 /* AppDelegate.m */; };
		FCC2972C236ABA78003E2B63 /* SceneDelegate.m in Sources */ = {isa = PBXBuildFile; fileRef = FCC2972B236ABA78003E2B63 /* SceneDelegate.m */; };
		FCC2972F236ABA78003E2B63 /* ViewController.m in Sources */ = {isa = PBXBuildFile; fileRef = FCC2972E236ABA78003E2B63 /* ViewController.m */; };
		FCC29732236ABA78003E2B63 /* Main.storyboard in Resources */ = {isa = PBXBuildFile; fileRef = FCC29730236ABA78003E2B63 /* Main.storyboard */; };
		FCC29734236ABA7B003E2B63 /* Assets.xcassets in Resources */ = {isa = PBXBuildFile; fileRef = FCC29733236ABA7B003E2B63 /* Assets.xcassets */; };
		FCC29737236ABA7B003E2B63 /* LaunchScreen.storyboard in Resources */ = {isa = PBXBuildFile; fileRef = FCC29735236ABA7B003E2B63 /* LaunchScreen.storyboard */; };
		FCC2973A236ABA7B003E2B63 /* main.m in Sources */ = {isa = PBXBuildFile; fileRef = FCC29739236ABA7B003E2B63 /* main.m */; };
		FCC29744236ABA7B003E2B63 /* JenkinsTestDemoTests.m in Sources */ = {isa = PBXBuildFile; fileRef = FCC29743236ABA7B003E2B63 /* JenkinsTestDemoTests.m */; };
/* End PBXBuildFile section */

/* Begin PBXContainerItemProxy section */
		FCC29740236ABA7B003E2B63 /* PBXContainerItemProxy */ = {
			isa = PBXContainerItemProxy;
			containerPortal = FCC2971C236ABA78003E2B63 /* Project object */;
			proxyType = 1;
			remoteGlobalIDString = FCC29723236ABA78003E2B63;
			remoteInfo = JenkinsTestDemo;
		};
/* End PBXContainerItemProxy section */

/* Begin PBXFileReference section */
		53FF0DB4ABC45C3736ADC62D /* Pods-JenkinsTestDemo.release.xcconfig */ = {isa = PBXFileReference; includeInIndex = 1; lastKnownFileType = text.xcconfig; name = "Pods-JenkinsTestDemo.release.xcconfig"; path = "Target Support Files/Pods-JenkinsTestDemo/Pods-JenkinsTestDemo.release.xcconfig"; sourceTree = "<group>"; };
		62493CAC3F9D6A10312017FE /* libPods-JenkinsTestDemoTests.a */ = {isa = PBXFileReference; explicitFileType = archive.ar; includeInIndex = 0; path = "libPods-JenkinsTestDemoTests.a"; sourceTree = BUILT_PRODUCTS_DIR; };
		660F3B2D3CACE5417F85D7ED /* Pods-JenkinsTestDemoTests.release.xcconfig */ = {isa = PBXFileReference; includeInIndex = 1; lastKnownFileType = text.xcconfig; name = "Pods-JenkinsTestDemoTests.release.xcconfig"; path = "Target Support Files/Pods-JenkinsTestDemoTests/Pods-JenkinsTestDemoTests.release.xcconfig"; sourceTree = "<group>"; };
		8A30DD5C9CCC12E1F8A23226 /* libPods-JenkinsTestDemo.a */ = {isa = PBXFileReference; explicitFileType = archive.ar; includeInIndex = 0; path = "libPods-JenkinsTestDemo.a"; sourceTree = BUILT_PRODUCTS_DIR; };
		B627C0AB435DA57BDD43CF09 /* Pods-JenkinsTestDemoTests.debug.xcconfig */ = {isa = PBXFileReference; includeInIndex = 1; lastKnownFileType = text.xcconfig; name = "Pods-JenkinsTestDemoTests.debug.xcconfig"; path = "Target Support Files/Pods-JenkinsTestDemoTests/Pods-JenkinsTestDemoTests.debug.xcconfig"; sourceTree = "<group>"; };
		EED371DBB584EB70E0737169 /* Pods-JenkinsTestDemo.debug.xcconfig */ = {isa = PBXFileReference; includeInIndex = 1; lastKnownFileType = text.xcconfig; name = "Pods-JenkinsTestDemo.debug.xcconfig"; path = "Target Support Files/Pods-JenkinsTestDemo/Pods-JenkinsTestDemo.debug.xcconfig"; sourceTree = "<group>"; };
		FCC29724236ABA78003E2B63 /* JenkinsTestDemo.app */ = {isa = PBXFileReference; explicitFileType = wrapper.application; includeInIndex = 0; path = JenkinsTestDemo.app; sourceTree = BUILT_PRODUCTS_DIR; };
		FCC29727236ABA78003E2B63 /* AppDelegate.h */ = {isa = PBXFileReference; lastKnownFileType = sourcecode.c.h; path = AppDelegate.h; sourceTree = "<group>"; };
		FCC29728236ABA78003E2B63 /* AppDelegate.m */ = {isa = PBXFileReference; lastKnownFileType = sourcecode.c.objc; path = AppDelegate.m; sourceTree = "<group>"; };
		FCC2972A236ABA78003E2B63 /* SceneDelegate.h */ = {isa = PBXFileReference; lastKnownFileType = sourcecode.c.h; path = SceneDelegate.h; sourceTree = "<group>"; };
		FCC2972B236ABA78003E2B63 /* SceneDelegate.m */ = {isa = PBXFileReference; lastKnownFileType = sourcecode.c.objc; path = SceneDelegate.m; sourceTree = "<group>"; };
		FCC2972D236ABA78003E2B63 /* ViewController.h */ = {isa = PBXFileReference; lastKnownFileType = sourcecode.c.h; path = ViewController.h; sourceTree = "<group>"; };
		FCC2972E236ABA78003E2B63 /* ViewController.m */ = {isa = PBXFileReference; lastKnownFileType = sourcecode.c.objc; path = ViewController.m; sourceTree = "<group>"; };
		FCC29731236ABA78003E2B63 /* Base */ = {isa = PBXFileReference; lastKnownFileType = file.storyboard; name = Base; path = Base.lproj/Main.storyboard; sourceTree = "<group>"; };
		FCC29733236ABA7B003E2B63 /* Assets.xcassets */ = {isa = PBXFileReference; lastKnownFileType = folder.assetcatalog; path = Assets.xcassets; sourceTree = "<group>"; };
		FCC29736236ABA7B003E2B63 /* Base */ = {isa = PBXFileReference; lastKnownFileType = file.storyboard; name = Base; path = Base.lproj/LaunchScreen.storyboard; sourceTree = "<group>"; };
		FCC29738236ABA7B003E2B63 /* Info.plist */ = {isa = PBXFileReference; lastKnownFileType = text.plist.xml; path = Info.plist; sourceTree = "<group>"; };
		FCC29739236ABA7B003E2B63 /* main.m */ = {isa = PBXFileReference; lastKnownFileType = sourcecode.c.objc; path = main.m; sourceTree = "<group>"; };
		FCC2973F236ABA7B003E2B63 /* JenkinsTestDemoTests.xctest */ = {isa = PBXFileReference; explicitFileType = wrapper.cfbundle; includeInIndex = 0; path = JenkinsTestDemoTests.xctest; sourceTree = BUILT_PRODUCTS_DIR; };
		FCC29743236ABA7B003E2B63 /* JenkinsTestDemoTests.m */ = {isa = PBXFileReference; lastKnownFileType = sourcecode.c.objc; path = JenkinsTestDemoTests.m; sourceTree = "<group>"; };
		FCC29745236ABA7B003E2B63 /* Info.plist */ = {isa = PBXFileReference; lastKnownFileType = text.plist.xml; path = Info.plist; sourceTree = "<group>"; };
/* End PBXFileReference section */

/* Begin PBXFrameworksBuildPhase section */
		FCC29721236ABA78003E2B63 /* Frameworks */ = {
			isa = PBXFrameworksBuildPhase;
			buildActionMask = 2147483647;
			files = (
				6C45488184F47F358F66F49F /* libPods-JenkinsTestDemo.a in Frameworks */,
			);
			runOnlyForDeploymentPostprocessing = 0;
		};
		FCC2973C236ABA7B003E2B63 /* Frameworks */ = {
			isa = PBXFrameworksBuildPhase;
			buildActionMask = 2147483647;
			files = (
				7AC913942AB8458889A9FED4 /* libPods-JenkinsTestDemoTests.a in Frameworks */,
			);
			runOnlyForDeploymentPostprocessing = 0;
		};
/* End PBXFrameworksBuildPhase section */

/* Begin PBXGroup section */
		40E075231918CCE9B5A8DF23 /* Pods */ = {
			isa = PBXGroup;
			children = (
				EED371DBB584EB70E0737169 /* Pods-JenkinsTestDemo.debug.xcconfig */,
				53FF0DB4ABC45C3736ADC62D /* Pods-JenkinsTestDemo.release.xcconfig */,
				B627C0AB435DA57BDD43CF09 /* Pods-JenkinsTestDemoTests.debug.xcconfig */,
				660F3B2D3CACE5417F85D7ED /* Pods-JenkinsTestDemoTests.release.xcconfig */,
			);
			name = Pods;
			path = Pods;
			sourceTree = "<group>";
		};
		F5A019EC84AB3702AEDF2B71 /* Frameworks */ = {
			isa = PBXGroup;
			children = (
				8A30DD5C9CCC12E1F8A23226 /* libPods-JenkinsTestDemo.a */,
				62493CAC3F9D6A10312017FE /* libPods-JenkinsTestDemoTests.a */,
			);
			name = Frameworks;
			sourceTree = "<group>";
		};
		FCC2971B236ABA78003E2B63 = {
			isa = PBXGroup;
			children = (
				FCC29726236ABA78003E2B63 /* JenkinsTestDemo */,
				FCC29742236ABA7B003E2B63 /* JenkinsTestDemoTests */,
				FCC29725236ABA78003E2B63 /* Products */,
				40E075231918CCE9B5A8DF23 /* Pods */,
				F5A019EC84AB3702AEDF2B71 /* Frameworks */,
			);
			sourceTree = "<group>";
		};
		FCC29725236ABA78003E2B63 /* Products */ = {
			isa = PBXGroup;
			children = (
				FCC29724236ABA78003E2B63 /* JenkinsTestDemo.app */,
				FCC2973F236ABA7B003E2B63 /* JenkinsTestDemoTests.xctest */,
			);
			name = Products;
			sourceTree = "<group>";
		};
		FCC29726236ABA78003E2B63 /* JenkinsTestDemo */ = {
			isa = PBXGroup;
			children = (
				FCC29727236ABA78003E2B63 /* AppDelegate.h */,
				FCC29728236ABA78003E2B63 /* AppDelegate.m */,
				FCC2972A236ABA78003E2B63 /* SceneDelegate.h */,
				FCC2972B236ABA78003E2B63 /* SceneDelegate.m */,
				FCC2972D236ABA78003E2B63 /* ViewController.h */,
				FCC2972E236ABA78003E2B63 /* ViewController.m */,
				FCC29730236ABA78003E2B63 /* Main.storyboard */,
				FCC29733236ABA7B003E2B63 /* Assets.xcassets */,
				FCC29735236ABA7B003E2B63 /* LaunchScreen.storyboard */,
				FCC29738236ABA7B003E2B63 /* Info.plist */,
				FCC29739236ABA7B003E2B63 /* main.m */,
			);
			path = JenkinsTestDemo;
			sourceTree = "<group>";
		};
		FCC29742236ABA7B003E2B63 /* JenkinsTestDemoTests */ = {
			isa = PBXGroup;
			children = (
				FCC29743236ABA7B003E2B63 /* JenkinsTestDemoTests.m */,
				FCC29745236ABA7B003E2B63 /* Info.plist */,
			);
			path = JenkinsTestDemoTests;
			sourceTree = "<group>";
		};
/* End PBXGroup section */

/* Begin PBXNativeTarget section */
		FCC29723236ABA78003E2B63 /* JenkinsTestDemo */ = {
			isa = PBXNativeTarget;
			buildConfigurationList = FCC29748236ABA7B003E2B63 /* Build configuration list for PBXNativeTarget "JenkinsTestDemo" */;
			buildPhases = (
				2B35511DAC0E282CC7ECEF56 /* [CP] Check Pods Manifest.lock */,
				FCC29720236ABA78003E2B63 /* Sources */,
				FCC29721236ABA78003E2B63 /* Frameworks */,
				FCC29722236ABA78003E2B63 /* Resources */,
			);
			buildRules = (
			);
			dependencies = (
			);
			name = JenkinsTestDemo;
			productName = JenkinsTestDemo;
			productReference = FCC29724236ABA78003E2B63 /* JenkinsTestDemo.app */;
			productType = "com.apple.product-type.application";
		};
		FCC2973E236ABA7B003E2B63 /* JenkinsTestDemoTests */ = {
			isa = PBXNativeTarget;
			buildConfigurationList = FCC2974B236ABA7B003E2B63 /* Build configuration list for PBXNativeTarget "JenkinsTestDemoTests" */;
			buildPhases = (
				F4297B188B15BB18663EC810 /* [CP] Check Pods Manifest.lock */,
				FCC2973B236ABA7B003E2B63 /* Sources */,
				FCC2973C236ABA7B003E2B63 /* Frameworks */,
				FCC2973D236ABA7B003E2B63 /* Resources */,
			);
			buildRules = (
			);
			dependencies = (
				FCC29741236ABA7B003E2B63 /* PBXTargetDependency */,
			);
			name = JenkinsTestDemoTests;
			productName = JenkinsTestDemoTests;
			productReference = FCC2973F236ABA7B003E2B63 /* JenkinsTestDemoTests.xctest */;
			productType = "com.apple.product-type.bundle.unit-test";
		};
/* End PBXNativeTarget section */

/* Begin PBXProject section */
		FCC2971C236ABA78003E2B63 /* Project object */ = {
			isa = PBXProject;
			attributes = {
				LastUpgradeCheck = 1110;
				ORGANIZATIONNAME = XL;
				TargetAttributes = {
					FCC29723236ABA78003E2B63 = {
						CreatedOnToolsVersion = 11.1;
					};
					FCC2973E236ABA7B003E2B63 = {
						CreatedOnToolsVersion = 11.1;
						TestTargetID = FCC29723236ABA78003E2B63;
					};
				};
			};
			buildConfigurationList = FCC2971F236ABA78003E2B63 /* Build configuration list for PBXProject "JenkinsTestDemo" */;
			compatibilityVersion = "Xcode 9.3";
			developmentRegion = en;
			hasScannedForEncodings = 0;
			knownRegions = (
				en,
				Base,
			);
			mainGroup = FCC2971B236ABA78003E2B63;
			productRefGroup = FCC29725236ABA78003E2B63 /* Products */;
			projectDirPath = "";
			projectRoot = "";
			targets = (
				FCC29723236ABA78003E2B63 /* JenkinsTestDemo */,
				FCC2973E236ABA7B003E2B63 /* JenkinsTestDemoTests */,
			);
		};
/* End PBXProject section */

/* Begin PBXResourcesBuildPhase section */
		FCC29722236ABA78003E2B63 /* Resources */ = {
			isa = PBXResourcesBuildPhase;
			buildActionMask = 2147483647;
			files = (
				FCC29737236ABA7B003E2B63 /* LaunchScreen.storyboard in Resources */,
				FCC29734236ABA7B003E2B63 /* Assets.xcassets in Resources */,
				FCC29732236ABA78003E2B63 /* Main.storyboard in Resources */,
			);
			runOnlyForDeploymentPostprocessing = 0;
		};
		FCC2973D236ABA7B003E2B63 /* Resources */ = {
			isa = PBXResourcesBuildPhase;
			buildActionMask = 2147483647;
			files = (
			);
			runOnlyForDeploymentPostprocessing = 0;
		};
/* End PBXResourcesBuildPhase section */

/* Begin PBXShellScriptBuildPhase section */
		2B35511DAC0E282CC7ECEF56 /* [CP] Check Pods Manifest.lock */ = {
			isa = PBXShellScriptBuildPhase;
			buildActionMask = 2147483647;
			files = (
			);
			inputFileListPaths = (
			);
			inputPaths = (
				"${PODS_PODFILE_DIR_PATH}/Podfile.lock",
				"${PODS_ROOT}/Manifest.lock",
			);
			name = "[CP] Check Pods Manifest.lock";
			outputFileListPaths = (
			);
			outputPaths = (
				"$(DERIVED_FILE_DIR)/Pods-JenkinsTestDemo-checkManifestLockResult.txt",
			);
			runOnlyForDeploymentPostprocessing = 0;
			shellPath = /bin/sh;
			shellScript = "diff \"${PODS_PODFILE_DIR_PATH}/Podfile.lock\" \"${PODS_ROOT}/Manifest.lock\" > /dev/null\nif [ $? != 0 ] ; then\n    # print error to STDERR\n    echo \"error: The sandbox is not in sync with the Podfile.lock. Run 'pod install' or update your CocoaPods installation.\" >&2\n    exit 1\nfi\n# This output is used by Xcode 'outputs' to avoid re-running this script phase.\necho \"SUCCESS\" > \"${SCRIPT_OUTPUT_FILE_0}\"\n";
			showEnvVarsInLog = 0;
		};
		F4297B188B15BB18663EC810 /* [CP] Check Pods Manifest.lock */ = {
			isa = PBXShellScriptBuildPhase;
			buildActionMask = 2147483647;
			files = (
			);
			inputFileListPaths = (
			);
			inputPaths = (
				"${PODS_PODFILE_DIR_PATH}/Podfile.lock",
				"${PODS_ROOT}/Manifest.lock",
			);
			name = "[CP] Check Pods Manifest.lock";
			outputFileListPaths = (
			);
			outputPaths = (
				"$(DERIVED_FILE_DIR)/Pods-JenkinsTestDemoTests-checkManifestLockResult.txt",
			);
			runOnlyForDeploymentPostprocessing = 0;
			shellPath = /bin/sh;
			shellScript = "diff \"${PODS_PODFILE_DIR_PATH}/Podfile.lock\" \"${PODS_ROOT}/Manifest.lock\" > /dev/null\nif [ $? != 0 ] ; then\n    # print error to STDERR\n    echo \"error: The sandbox is not in sync with the Podfile.lock. Run 'pod install' or update your CocoaPods installation.\" >&2\n    exit 1\nfi\n# This output is used by Xcode 'outputs' to avoid re-running this script phase.\necho \"SUCCESS\" > \"${SCRIPT_OUTPUT_FILE_0}\"\n";
			showEnvVarsInLog = 0;
		};
/* End PBXShellScriptBuildPhase section */

/* Begin PBXSourcesBuildPhase section */
		FCC29720236ABA78003E2B63 /* Sources */ = {
			isa = PBXSourcesBuildPhase;
			buildActionMask = 2147483647;
			files = (
				FCC2972F236ABA78003E2B63 /* ViewController.m in Sources */,
				FCC29729236ABA78003E2B63 /* AppDelegate.m in Sources */,
				FCC2973A236ABA7B003E2B63 /* main.m in Sources */,
				FCC2972C236ABA78003E2B63 /* SceneDelegate.m in Sources */,
			);
			runOnlyForDeploymentPostprocessing = 0;
		};
		FCC2973B236ABA7B003E2B63 /* Sources */ = {
			isa = PBXSourcesBuildPhase;
			buildActionMask = 2147483647;
			files = (
				FCC29744236ABA7B003E2B63 /* JenkinsTestDemoTests.m in Sources */,
			);
			runOnlyForDeploymentPostprocessing = 0;
		};
/* End PBXSourcesBuildPhase section */

/* Begin PBXTargetDependency section */
		FCC29741236ABA7B003E2B63 /* PBXTargetDependency */ = {
			isa = PBXTargetDependency;
			target = FCC29723236ABA78003E2B63 /* JenkinsTestDemo */;
			targetProxy = FCC29740236ABA7B003E2B63 /* PBXContainerItemProxy */;
		};
/* End PBXTargetDependency section */

/* Begin PBXVariantGroup section */
		FCC29730236ABA78003E2B63 /* Main.storyboard */ = {
			isa = PBXVariantGroup;
			children = (
				FCC29731236ABA78003E2B63 /* Base */,
			);
			name = Main.storyboard;
			sourceTree = "<group>";
		};
		FCC29735236ABA7B003E2B63 /* LaunchScreen.storyboard */ = {
			isa = PBXVariantGroup;
			children = (
				FCC29736236ABA7B003E2B63 /* Base */,
			);
			name = LaunchScreen.storyboard;
			sourceTree = "<group>";
		};
/* End PBXVariantGroup section */

/* Begin XCBuildConfiguration section */
		FCC29746236ABA7B003E2B63 /* Debug */ = {
			isa = XCBuildConfiguration;
			buildSettings = {
				ALWAYS_SEARCH_USER_PATHS = NO;
				CLANG_ANALYZER_NONNULL = YES;
				CLANG_ANALYZER_NUMBER_OBJECT_CONVERSION = YES_AGGRESSIVE;
				CLANG_CXX_LANGUAGE_STANDARD = "gnu++14";
				CLANG_CXX_LIBRARY = "libc++";
				CLANG_ENABLE_MODULES = YES;
				CLANG_ENABLE_OBJC_ARC = YES;
				CLANG_ENABLE_OBJC_WEAK = YES;
				CLANG_WARN_BLOCK_CAPTURE_AUTORELEASING = YES;
				CLANG_WARN_BOOL_CONVERSION = YES;
				CLANG_WARN_COMMA = YES;
				CLANG_WARN_CONSTANT_CONVERSION = YES;
				CLANG_WARN_DEPRECATED_OBJC_IMPLEMENTATIONS = YES;
				CLANG_WARN_DIRECT_OBJC_ISA_USAGE = YES_ERROR;
				CLANG_WARN_DOCUMENTATION_COMMENTS = YES;
				CLANG_WARN_EMPTY_BODY = YES;
				CLANG_WARN_ENUM_CONVERSION = YES;
				CLANG_WARN_INFINITE_RECURSION = YES;
				CLANG_WARN_INT_CONVERSION = YES;
				CLANG_WARN_NON_LITERAL_NULL_CONVERSION = YES;
				CLANG_WARN_OBJC_IMPLICIT_RETAIN_SELF = YES;
				CLANG_WARN_OBJC_LITERAL_CONVERSION = YES;
				CLANG_WARN_OBJC_ROOT_CLASS = YES_ERROR;
				CLANG_WARN_RANGE_LOOP_ANALYSIS = YES;
				CLANG_WARN_STRICT_PROTOTYPES = YES;
				CLANG_WARN_SUSPICIOUS_MOVE = YES;
				CLANG_WARN_UNGUARDED_AVAILABILITY = YES_AGGRESSIVE;
				CLANG_WARN_UNREACHABLE_CODE = YES;
				CLANG_WARN__DUPLICATE_METHOD_MATCH = YES;
				COPY_PHASE_STRIP = NO;
				DEBUG_INFORMATION_FORMAT = dwarf;
				ENABLE_STRICT_OBJC_MSGSEND = YES;
				ENABLE_TESTABILITY = YES;
				GCC_C_LANGUAGE_STANDARD = gnu11;
				GCC_DYNAMIC_NO_PIC = NO;
				GCC_NO_COMMON_BLOCKS = YES;
				GCC_OPTIMIZATION_LEVEL = 0;
				GCC_PREPROCESSOR_DEFINITIONS = (
					"DEBUG=1",
					"$(inherited)",
				);
				GCC_WARN_64_TO_32_BIT_CONVERSION = YES;
				GCC_WARN_ABOUT_RETURN_TYPE = YES_ERROR;
				GCC_WARN_UNDECLARED_SELECTOR = YES;
				GCC_WARN_UNINITIALIZED_AUTOS = YES_AGGRESSIVE;
				GCC_WARN_UNUSED_FUNCTION = YES;
				GCC_WARN_UNUSED_VARIABLE = YES;
				IPHONEOS_DEPLOYMENT_TARGET = 13.1;
				MTL_ENABLE_DEBUG_INFO = INCLUDE_SOURCE;
				MTL_FAST_MATH = YES;
				ONLY_ACTIVE_ARCH = YES;
				SDKROOT = iphoneos;
			};
			name = Debug;
		};
		FCC29747236ABA7B003E2B63 /* Release */ = {
			isa = XCBuildConfiguration;
			buildSettings = {
				ALWAYS_SEARCH_USER_PATHS = NO;
				CLANG_ANALYZER_NONNULL = YES;
				CLANG_ANALYZER_NUMBER_OBJECT_CONVERSION = YES_AGGRESSIVE;
				CLANG_CXX_LANGUAGE_STANDARD = "gnu++14";
				CLANG_CXX_LIBRARY = "libc++";
				CLANG_ENABLE_MODULES = YES;
				CLANG_ENABLE_OBJC_ARC = YES;
				CLANG_ENABLE_OBJC_WEAK = YES;
				CLANG_WARN_BLOCK_CAPTURE_AUTORELEASING = YES;
				CLANG_WARN_BOOL_CONVERSION = YES;
				CLANG_WARN_COMMA = YES;
				CLANG_WARN_CONSTANT_CONVERSION = YES;
				CLANG_WARN_DEPRECATED_OBJC_IMPLEMENTATIONS = YES;
				CLANG_WARN_DIRECT_OBJC_ISA_USAGE = YES_ERROR;
				CLANG_WARN_DOCUMENTATION_COMMENTS = YES;
				CLANG_WARN_EMPTY_BODY = YES;
				CLANG_WARN_ENUM_CONVERSION = YES;
				CLANG_WARN_INFINITE_RECURSION = YES;
				CLANG_WARN_INT_CONVERSION = YES;
				CLANG_WARN_NON_LITERAL_NULL_CONVERSION = YES;
				CLANG_WARN_OBJC_IMPLICIT_RETAIN_SELF = YES;
				CLANG_WARN_OBJC_LITERAL_CONVERSION = YES;
				CLANG_WARN_OBJC_ROOT_CLASS = YES_ERROR;
				CLANG_WARN_RANGE_LOOP_ANALYSIS = YES;
				CLANG_WARN_STRICT_PROTOTYPES = YES;
				CLANG_WARN_SUSPICIOUS_MOVE = YES;
				CLANG_WARN_UNGUARDED_AVAILABILITY = YES_AGGRESSIVE;
				CLANG_WARN_UNREACHABLE_CODE = YES;
				CLANG_WARN__DUPLICATE_METHOD_MATCH = YES;
				COPY_PHASE_STRIP = NO;
				DEBUG_INFORMATION_FORMAT = "dwarf-with-dsym";
				ENABLE_NS_ASSERTIONS = NO;
				ENABLE_STRICT_OBJC_MSGSEND = YES;
				GCC_C_LANGUAGE_STANDARD = gnu11;
				GCC_NO_COMMON_BLOCKS = YES;
				GCC_WARN_64_TO_32_BIT_CONVERSION = YES;
				GCC_WARN_ABOUT_RETURN_TYPE = YES_ERROR;
				GCC_WARN_UNDECLARED_SELECTOR = YES;
				GCC_WARN_UNINITIALIZED_AUTOS = YES_AGGRESSIVE;
				GCC_WARN_UNUSED_FUNCTION = YES;
				GCC_WARN_UNUSED_VARIABLE = YES;
				IPHONEOS_DEPLOYMENT_TARGET = 13.1;
				MTL_ENABLE_DEBUG_INFO = NO;
				MTL_FAST_MATH = YES;
				SDKROOT = iphoneos;
				VALIDATE_PRODUCT = YES;
			};
			name = Release;
		};
		FCC29749236ABA7B003E2B63 /* Debug */ = {
			isa = XCBuildConfiguration;
			baseConfigurationReference = EED371DBB584EB70E0737169 /* Pods-JenkinsTestDemo.debug.xcconfig */;
			buildSettings = {
				ASSETCATALOG_COMPILER_APPICON_NAME = AppIcon;
				CODE_SIGN_STYLE = Manual;
				DEVELOPMENT_TEAM = "";
				INFOPLIST_FILE = JenkinsTestDemo/Info.plist;
				LD_RUNPATH_SEARCH_PATHS = (
					"$(inherited)",
					"@executable_path/Frameworks",
				);
				PRODUCT_BUNDLE_IDENTIFIER = xlyang.JenkinsTestDemo;
				PRODUCT_NAME = "$(TARGET_NAME)";
				PROVISIONING_PROFILE_SPECIFIER = "";
				TARGETED_DEVICE_FAMILY = "1,2";
			};
			name = Debug;
		};
		FCC2974A236ABA7B003E2B63 /* Release */ = {
			isa = XCBuildConfiguration;
			baseConfigurationReference = 53FF0DB4ABC45C3736ADC62D /* Pods-JenkinsTestDemo.release.xcconfig */;
			buildSettings = {
				ASSETCATALOG_COMPILER_APPICON_NAME = AppIcon;
				CODE_SIGN_STYLE = Manual;
				DEVELOPMENT_TEAM = "";
				INFOPLIST_FILE = JenkinsTestDemo/Info.plist;
				LD_RUNPATH_SEARCH_PATHS = (
					"$(inherited)",
					"@executable_path/Frameworks",
				);
				PRODUCT_BUNDLE_IDENTIFIER = xlyang.JenkinsTestDemo;
				PRODUCT_NAME = "$(TARGET_NAME)";
				PROVISIONING_PROFILE_SPECIFIER = "";
				TARGETED_DEVICE_FAMILY = "1,2";
			};
			name = Release;
		};
		FCC2974C236ABA7B003E2B63 /* Debug */ = {
			isa = XCBuildConfiguration;
			baseConfigurationReference = B627C0AB435DA57BDD43CF09 /* Pods-JenkinsTestDemoTests.debug.xcconfig */;
			buildSettings = {
				BUNDLE_LOADER = "$(TEST_HOST)";
				CODE_SIGN_STYLE = Manual;
				DEVELOPMENT_TEAM = "";
				INFOPLIST_FILE = JenkinsTestDemoTests/Info.plist;
				IPHONEOS_DEPLOYMENT_TARGET = 13.1;
				LD_RUNPATH_SEARCH_PATHS = (
					"$(inherited)",
					"@executable_path/Frameworks",
					"@loader_path/Frameworks",
				);
				PRODUCT_BUNDLE_IDENTIFIER = xlyang.JenkinsTestDemoTests;
				PRODUCT_NAME = "$(TARGET_NAME)";
				PROVISIONING_PROFILE_SPECIFIER = "";
				"PROVISIONING_PROFILE_SPECIFIER[sdk=macosx*]" = "";
				TARGETED_DEVICE_FAMILY = "1,2";
				TEST_HOST = "$(BUILT_PRODUCTS_DIR)/JenkinsTestDemo.app/JenkinsTestDemo";
			};
			name = Debug;
		};
		FCC2974D236ABA7B003E2B63 /* Release */ = {
			isa = XCBuildConfiguration;
			baseConfigurationReference = 660F3B2D3CACE5417F85D7ED /* Pods-JenkinsTestDemoTests.release.xcconfig */;
			buildSettings = {
				BUNDLE_LOADER = "$(TEST_HOST)";
				CODE_SIGN_STYLE = Manual;
				DEVELOPMENT_TEAM = "";
				INFOPLIST_FILE = JenkinsTestDemoTests/Info.plist;
				IPHONEOS_DEPLOYMENT_TARGET = 13.1;
				LD_RUNPATH_SEARCH_PATHS = (
					"$(inherited)",
					"@executable_path/Frameworks",
					"@loader_path/Frameworks",
				);
				PRODUCT_BUNDLE_IDENTIFIER = xlyang.JenkinsTestDemoTests;
				PRODUCT_NAME = "$(TARGET_NAME)";
				PROVISIONING_PROFILE_SPECIFIER = "";
				"PROVISIONING_PROFILE_SPECIFIER[sdk=macosx*]" = "";
				TARGETED_DEVICE_FAMILY = "1,2";
				TEST_HOST = "$(BUILT_PRODUCTS_DIR)/JenkinsTestDemo.app/JenkinsTestDemo";
			};
			name = Release;
		};
/* End XCBuildConfiguration section */

/* Begin XCConfigurationList section */
		FCC2971F236ABA78003E2B63 /* Build configuration list for PBXProject "JenkinsTestDemo" */ = {
			isa = XCConfigurationList;
			buildConfigurations = (
				FCC29746236ABA7B003E2B63 /* Debug */,
				FCC29747236ABA7B003E2B63 /* Release */,
			);
			defaultConfigurationIsVisible = 0;
			defaultConfigurationName = Release;
		};
		FCC29748236ABA7B003E2B63 /* Build configuration list for PBXNativeTarget "JenkinsTestDemo" */ = {
			isa = XCConfigurationList;
			buildConfigurations = (
				FCC29749236ABA7B003E2B63 /* Debug */,
				FCC2974A236ABA7B003E2B63 /* Release */,
			);
			defaultConfigurationIsVisible = 0;
			defaultConfigurationName = Release;
		};
		FCC2974B236ABA7B003E2B63 /* Build configuration list for PBXNativeTarget "JenkinsTestDemoTests" */ = {
			isa = XCConfigurationList;
			buildConfigurations = (
				FCC2974C236ABA7B003E2B63 /* Debug */,
				FCC2974D236ABA7B003E2B63 /* Release */,
			);
			defaultConfigurationIsVisible = 0;
			defaultConfigurationName = Release;
		};
/* End XCConfigurationList section */
	};
	rootObject = FCC2971C236ABA78003E2B63 /* Project object */;
}
